
Microsoft Visual Studio Solution File, Format Version 12.00
# Visual Studio Version 16
VisualStudioVersion = 16.0.33529.622
MinimumVisualStudioVersion = 10.0.40219.1
Project("{FAE04EC0-301F-11D3-BF4B-00C04F79EFBC}") = "movie", "movie\movie.csproj", "{71D3FBCF-DBBE-453D-86FE-885CF885BC82}"
EndProject
Global
	GlobalSection(SolutionConfigurationPlatforms) = preSolution
		Debug|Any CPU = Debug|Any CPU
		Release|Any CPU = Release|Any CPU
	EndGlobalSection
	GlobalSection(ProjectConfigurationPlatforms) = postSolution
		{71D3FBCF-DBBE-453D-86FE-885CF885BC82}.Debug|Any CPU.ActiveCfg = Debug|Any CPU
		{71D3FBCF-DBBE-453D-86FE-885CF885BC82}.Debug|Any CPU.Build.0 = Debug|Any CPU
		{71D3FBCF-DBBE-453D-86FE-885CF885BC82}.Release|Any CPU.ActiveCfg = Release|Any CPU
		{71D3FBCF-DBBE-453D-86FE-885CF885BC82}.Release|Any CPU.Build.0 = Release|Any CPU
	EndGlobalSection
	GlobalSection(SolutionProperties) = preSolution
		HideSolutionNode = FALSE
	EndGlobalSection
	GlobalSection(ExtensibilityGlobals) = postSolution
		SolutionGuid = {E190E2D2-AD16-4343-801E-AC4B59CD0378}
	EndGlobalSection
EndGlobal
